
Microsoft Visual Studio Solution File, Format Version 12.00
# Visual Studio Version 17
VisualStudioVersion = 17.2.32602.215
MinimumVisualStudioVersion = 10.0.40219.1
Project("{9A19103F-16F7-4668-BE54-9A1E7A4F7556}") = "Calculator", "Calculator\Calculator.csproj", "{6A816B28-8E2F-484B-BBD7-4BD4C2312E89}"
EndProject
Project("{9A19103F-16F7-4668-BE54-9A1E7A4F7556}") = "GlobalLogicConsoleApp", "GlobalLogicConsoleApp\GlobalLogicConsoleApp.csproj", "{DB5CDBF2-C688-4107-83CF-8F9F0802A616}"
EndProject
Project("{9A19103F-16F7-4668-BE54-9A1E7A4F7556}") = "StaticClaculatorLibrary", "StaticClaculatorLibrary\StaticClaculatorLibrary.csproj", "{DA0FAE42-B5A8-432E-B6BF-C55E6470210A}"
EndProject
Project("{9A19103F-16F7-4668-BE54-9A1E7A4F7556}") = "StaticCalculationConsoleApp", "StaticCalculationConsoleApp\StaticCalculationConsoleApp.csproj", "{FB33990A-F10B-40AC-BC16-B5E6936DF39F}"
EndProject
Project("{9A19103F-16F7-4668-BE54-9A1E7A4F7556}") = "ConsoleApplication", "ConsoleApplication\ConsoleApplication.csproj", "{293CA7C3-7CC7-4302-BF28-DCD9C2B108A9}"
EndProject
Project("{9A19103F-16F7-4668-BE54-9A1E7A4F7556}") = "ClassLibrary", "ClassLibrary\ClassLibrary.csproj", "{B636C46A-3F2F-4A8C-AECB-DC944022CBC5}"
EndProject
Project("{9A19103F-16F7-4668-BE54-9A1E7A4F7556}") = "Application", "Application\Application.csproj", "{4866F9E9-40EA-44D7-AEC1-7D427E7E90E6}"
EndProject
Project("{9A19103F-16F7-4668-BE54-9A1E7A4F7556}") = "Application 1", "Application 1\Application 1.csproj", "{41D4FFD9-0534-4D89-AB8E-F45897693FFE}"
EndProject
Project("{9A19103F-16F7-4668-BE54-9A1E7A4F7556}") = "ClassLibrary 2", "ClassLibrary 2\ClassLibrary 2.csproj", "{6F4A988A-CD8C-4BF1-AD79-6D529ACF4C6A}"
EndProject
Project("{9A19103F-16F7-4668-BE54-9A1E7A4F7556}") = "Application 2", "Application 2\Application 2.csproj", "{DBF61863-ADA2-4319-A29A-BB012CAC21C5}"
EndProject
Project("{FAE04EC0-301F-11D3-BF4B-00C04F79EFBC}") = "Application 3", "Application 3\Application 3.csproj", "{02D814A2-E63D-4254-A072-284ABBA0753F}"
EndProject
Global
	GlobalSection(SolutionConfigurationPlatforms) = preSolution
		Debug|Any CPU = Debug|Any CPU
		Release|Any CPU = Release|Any CPU
	EndGlobalSection
	GlobalSection(ProjectConfigurationPlatforms) = postSolution
		{6A816B28-8E2F-484B-BBD7-4BD4C2312E89}.Debug|Any CPU.ActiveCfg = Debug|Any CPU
		{6A816B28-8E2F-484B-BBD7-4BD4C2312E89}.Debug|Any CPU.Build.0 = Debug|Any CPU
		{6A816B28-8E2F-484B-BBD7-4BD4C2312E89}.Release|Any CPU.ActiveCfg = Release|Any CPU
		{6A816B28-8E2F-484B-BBD7-4BD4C2312E89}.Release|Any CPU.Build.0 = Release|Any CPU
		{DB5CDBF2-C688-4107-83CF-8F9F0802A616}.Debug|Any CPU.ActiveCfg = Debug|Any CPU
		{DB5CDBF2-C688-4107-83CF-8F9F0802A616}.Debug|Any CPU.Build.0 = Debug|Any CPU
		{DB5CDBF2-C688-4107-83CF-8F9F0802A616}.Release|Any CPU.ActiveCfg = Release|Any CPU
		{DB5CDBF2-C688-4107-83CF-8F9F0802A616}.Release|Any CPU.Build.0 = Release|Any CPU
		{DA0FAE42-B5A8-432E-B6BF-C55E6470210A}.Debug|Any CPU.ActiveCfg = Debug|Any CPU
		{DA0FAE42-B5A8-432E-B6BF-C55E6470210A}.Debug|Any CPU.Build.0 = Debug|Any CPU
		{DA0FAE42-B5A8-432E-B6BF-C55E6470210A}.Release|Any CPU.ActiveCfg = Release|Any CPU
		{DA0FAE42-B5A8-432E-B6BF-C55E6470210A}.Release|Any CPU.Build.0 = Release|Any CPU
		{FB33990A-F10B-40AC-BC16-B5E6936DF39F}.Debug|Any CPU.ActiveCfg = Debug|Any CPU
		{FB33990A-F10B-40AC-BC16-B5E6936DF39F}.Debug|Any CPU.Build.0 = Debug|Any CPU
		{FB33990A-F10B-40AC-BC16-B5E6936DF39F}.Release|Any CPU.ActiveCfg = Release|Any CPU
		{FB33990A-F10B-40AC-BC16-B5E6936DF39F}.Release|Any CPU.Build.0 = Release|Any CPU
		{293CA7C3-7CC7-4302-BF28-DCD9C2B108A9}.Debug|Any CPU.ActiveCfg = Debug|Any CPU
		{293CA7C3-7CC7-4302-BF28-DCD9C2B108A9}.Debug|Any CPU.Build.0 = Debug|Any CPU
		{293CA7C3-7CC7-4302-BF28-DCD9C2B108A9}.Release|Any CPU.ActiveCfg = Release|Any CPU
		{293CA7C3-7CC7-4302-BF28-DCD9C2B108A9}.Release|Any CPU.Build.0 = Release|Any CPU
		{B636C46A-3F2F-4A8C-AECB-DC944022CBC5}.Debug|Any CPU.ActiveCfg = Debug|Any CPU
		{B636C46A-3F2F-4A8C-AECB-DC944022CBC5}.Debug|Any CPU.Build.0 = Debug|Any CPU
		{B636C46A-3F2F-4A8C-AECB-DC944022CBC5}.Release|Any CPU.ActiveCfg = Release|Any CPU
		{B636C46A-3F2F-4A8C-AECB-DC944022CBC5}.Release|Any CPU.Build.0 = Release|Any CPU
		{4866F9E9-40EA-44D7-AEC1-7D427E7E90E6}.Debug|Any CPU.ActiveCfg = Debug|Any CPU
		{4866F9E9-40EA-44D7-AEC1-7D427E7E90E6}.Debug|Any CPU.Build.0 = Debug|Any CPU
		{4866F9E9-40EA-44D7-AEC1-7D427E7E90E6}.Release|Any CPU.ActiveCfg = Release|Any CPU
		{4866F9E9-40EA-44D7-AEC1-7D427E7E90E6}.Release|Any CPU.Build.0 = Release|Any CPU
		{41D4FFD9-0534-4D89-AB8E-F45897693FFE}.Debug|Any CPU.ActiveCfg = Debug|Any CPU
		{41D4FFD9-0534-4D89-AB8E-F45897693FFE}.Debug|Any CPU.Build.0 = Debug|Any CPU
		{41D4FFD9-0534-4D89-AB8E-F45897693FFE}.Release|Any CPU.ActiveCfg = Release|Any CPU
		{41D4FFD9-0534-4D89-AB8E-F45897693FFE}.Release|Any CPU.Build.0 = Release|Any CPU
		{6F4A988A-CD8C-4BF1-AD79-6D529ACF4C6A}.Debug|Any CPU.ActiveCfg = Debug|Any CPU
		{6F4A988A-CD8C-4BF1-AD79-6D529ACF4C6A}.Debug|Any CPU.Build.0 = Debug|Any CPU
		{6F4A988A-CD8C-4BF1-AD79-6D529ACF4C6A}.Release|Any CPU.ActiveCfg = Release|Any CPU
		{6F4A988A-CD8C-4BF1-AD79-6D529ACF4C6A}.Release|Any CPU.Build.0 = Release|Any CPU
		{DBF61863-ADA2-4319-A29A-BB012CAC21C5}.Debug|Any CPU.ActiveCfg = Debug|Any CPU
		{DBF61863-ADA2-4319-A29A-BB012CAC21C5}.Debug|Any CPU.Build.0 = Debug|Any CPU
		{DBF61863-ADA2-4319-A29A-BB012CAC21C5}.Release|Any CPU.ActiveCfg = Release|Any CPU
		{DBF61863-ADA2-4319-A29A-BB012CAC21C5}.Release|Any CPU.Build.0 = Release|Any CPU
		{02D814A2-E63D-4254-A072-284ABBA0753F}.Debug|Any CPU.ActiveCfg = Debug|Any CPU
		{02D814A2-E63D-4254-A072-284ABBA0753F}.Debug|Any CPU.Build.0 = Debug|Any CPU
		{02D814A2-E63D-4254-A072-284ABBA0753F}.Release|Any CPU.ActiveCfg = Release|Any CPU
		{02D814A2-E63D-4254-A072-284ABBA0753F}.Release|Any CPU.Build.0 = Release|Any CPU
	EndGlobalSection
	GlobalSection(SolutionProperties) = preSolution
		HideSolutionNode = FALSE
	EndGlobalSection
	GlobalSection(ExtensibilityGlobals) = postSolution
		SolutionGuid = {BE1B9302-FD41-4FEB-8C9A-B0A5111BD7DD}
	EndGlobalSection
EndGlobal
